
Microsoft Visual Studio Solution File, Format Version 12.00
# Visual Studio Version 17
VisualStudioVersion = 17.11.35222.181
MinimumVisualStudioVersion = 10.0.40219.1
Project("{9A19103F-16F7-4668-BE54-9A1E7A4F7556}") = "DesafioProjetoHospedagem", "DesafioProjetoHospedagem.csproj", "{3F125F49-13D7-435B-AB31-EF5C325C3ADE}"
EndProject
Global
	GlobalSection(SolutionConfigurationPlatforms) = preSolution
		Debug|Any CPU = Debug|Any CPU
		Release|Any CPU = Release|Any CPU
	EndGlobalSection
	GlobalSection(ProjectConfigurationPlatforms) = postSolution
		{3F125F49-13D7-435B-AB31-EF5C325C3ADE}.Debug|Any CPU.ActiveCfg = Debug|Any CPU
		{3F125F49-13D7-435B-AB31-EF5C325C3ADE}.Debug|Any CPU.Build.0 = Debug|Any CPU
		{3F125F49-13D7-435B-AB31-EF5C325C3ADE}.Release|Any CPU.ActiveCfg = Release|Any CPU
		{3F125F49-13D7-435B-AB31-EF5C325C3ADE}.Release|Any CPU.Build.0 = Release|Any CPU
	EndGlobalSection
	GlobalSection(SolutionProperties) = preSolution
		HideSolutionNode = FALSE
	EndGlobalSection
	GlobalSection(ExtensibilityGlobals) = postSolution
		SolutionGuid = {54D1B891-1ADB-49A0-B042-98E2A9D01DFB}
	EndGlobalSection
EndGlobal
